
Microsoft Visual Studio Solution File, Format Version 12.00
# Visual Studio Version 16
VisualStudioVersion = 16.0.31129.286
MinimumVisualStudioVersion = 10.0.40219.1
Project("{FAE04EC0-301F-11D3-BF4B-00C04F79EFBC}") = "prjASP_ICE_Task", "prjASP_ICE_Task\prjASP_ICE_Task.csproj", "{6CED30D0-5B6F-45BC-B0B7-FC06A634A5CC}"
EndProject
Global
	GlobalSection(SolutionConfigurationPlatforms) = preSolution
		Debug|Any CPU = Debug|Any CPU
		Release|Any CPU = Release|Any CPU
	EndGlobalSection
	GlobalSection(ProjectConfigurationPlatforms) = postSolution
		{6CED30D0-5B6F-45BC-B0B7-FC06A634A5CC}.Debug|Any CPU.ActiveCfg = Debug|Any CPU
		{6CED30D0-5B6F-45BC-B0B7-FC06A634A5CC}.Debug|Any CPU.Build.0 = Debug|Any CPU
		{6CED30D0-5B6F-45BC-B0B7-FC06A634A5CC}.Release|Any CPU.ActiveCfg = Release|Any CPU
		{6CED30D0-5B6F-45BC-B0B7-FC06A634A5CC}.Release|Any CPU.Build.0 = Release|Any CPU
	EndGlobalSection
	GlobalSection(SolutionProperties) = preSolution
		HideSolutionNode = FALSE
	EndGlobalSection
	GlobalSection(ExtensibilityGlobals) = postSolution
		SolutionGuid = {592F36D4-36E2-45DB-9864-39529190C742}
	EndGlobalSection
EndGlobal
